
Microsoft Visual Studio Solution File, Format Version 12.00
# Visual Studio Version 16
VisualStudioVersion = 16.0.29806.167
MinimumVisualStudioVersion = 10.0.40219.1
Project("{FAE04EC0-301F-11D3-BF4B-00C04F79EFBC}") = "LagartoWebsite", "LagartoWebsite\LagartoWebsite.csproj", "{37816C9E-9BAF-4F05-8274-A789349D8F24}"
EndProject
Global
	GlobalSection(SolutionConfigurationPlatforms) = preSolution
		Debug|Any CPU = Debug|Any CPU
		Release|Any CPU = Release|Any CPU
	EndGlobalSection
	GlobalSection(ProjectConfigurationPlatforms) = postSolution
		{37816C9E-9BAF-4F05-8274-A789349D8F24}.Debug|Any CPU.ActiveCfg = Debug|Any CPU
		{37816C9E-9BAF-4F05-8274-A789349D8F24}.Debug|Any CPU.Build.0 = Debug|Any CPU
		{37816C9E-9BAF-4F05-8274-A789349D8F24}.Release|Any CPU.ActiveCfg = Release|Any CPU
		{37816C9E-9BAF-4F05-8274-A789349D8F24}.Release|Any CPU.Build.0 = Release|Any CPU
	EndGlobalSection
	GlobalSection(SolutionProperties) = preSolution
		HideSolutionNode = FALSE
	EndGlobalSection
	GlobalSection(ExtensibilityGlobals) = postSolution
		SolutionGuid = {8F612C55-55BE-49F4-A518-D11E7E0A9879}
	EndGlobalSection
EndGlobal
